
Microsoft Visual Studio Solution File, Format Version 12.00
# Visual Studio Version 17
VisualStudioVersion = 17.11.35312.102
MinimumVisualStudioVersion = 10.0.40219.1
Project("{FAE04EC0-301F-11D3-BF4B-00C04F79EFBC}") = "JsonFormater", "JsonFormater\JsonFormater.csproj", "{CBB9FAD4-6568-4A9E-9935-07F2519EB123}"
EndProject
Global
	GlobalSection(SolutionConfigurationPlatforms) = preSolution
		Debug|Any CPU = Debug|Any CPU
		Release|Any CPU = Release|Any CPU
	EndGlobalSection
	GlobalSection(ProjectConfigurationPlatforms) = postSolution
		{CBB9FAD4-6568-4A9E-9935-07F2519EB123}.Debug|Any CPU.ActiveCfg = Debug|Any CPU
		{CBB9FAD4-6568-4A9E-9935-07F2519EB123}.Debug|Any CPU.Build.0 = Debug|Any CPU
		{CBB9FAD4-6568-4A9E-9935-07F2519EB123}.Release|Any CPU.ActiveCfg = Release|Any CPU
		{CBB9FAD4-6568-4A9E-9935-07F2519EB123}.Release|Any CPU.Build.0 = Release|Any CPU
	EndGlobalSection
	GlobalSection(SolutionProperties) = preSolution
		HideSolutionNode = FALSE
	EndGlobalSection
	GlobalSection(ExtensibilityGlobals) = postSolution
		SolutionGuid = {1AADCD79-C0F1-439D-8161-C29871E6C09C}
	EndGlobalSection
EndGlobal
